
Microsoft Visual Studio Solution File, Format Version 12.00
# Visual Studio 15
VisualStudioVersion = 15.0.26124.0
MinimumVisualStudioVersion = 15.0.26124.0
Project("{2150E333-8FDC-42A3-9474-1A3956D46DE8}") = "src", "src", "{6E0B2160-2C6E-4F49-97BE-4C481C5008F6}"
EndProject
Project("{FAE04EC0-301F-11D3-BF4B-00C04F79EFBC}") = "PostgreSqlNetCore.Domain", "src\PostgreSqlNetCore.Domain\PostgreSqlNetCore.Domain.csproj", "{9172C9C0-B3B9-4BD0-B8CE-224140BE254E}"
EndProject
Project("{FAE04EC0-301F-11D3-BF4B-00C04F79EFBC}") = "PostgreSqlNetCore.Infra.Data", "src\PostgreSqlNetCore.Infra.Data\PostgreSqlNetCore.Infra.Data.csproj", "{FC9D87FB-5E19-4939-B043-48D828A056B8}"
EndProject
Project("{FAE04EC0-301F-11D3-BF4B-00C04F79EFBC}") = "PostgreSqlNetCore.Prompt", "src\PostgreSqlNetCore.Prompt\PostgreSqlNetCore.Prompt.csproj", "{A45EE069-1C2F-4064-846F-468C3DC907CA}"
EndProject
Global
	GlobalSection(SolutionConfigurationPlatforms) = preSolution
		Debug|Any CPU = Debug|Any CPU
		Debug|x64 = Debug|x64
		Debug|x86 = Debug|x86
		Release|Any CPU = Release|Any CPU
		Release|x64 = Release|x64
		Release|x86 = Release|x86
	EndGlobalSection
	GlobalSection(SolutionProperties) = preSolution
		HideSolutionNode = FALSE
	EndGlobalSection
	GlobalSection(ProjectConfigurationPlatforms) = postSolution
		{9172C9C0-B3B9-4BD0-B8CE-224140BE254E}.Debug|Any CPU.ActiveCfg = Debug|Any CPU
		{9172C9C0-B3B9-4BD0-B8CE-224140BE254E}.Debug|Any CPU.Build.0 = Debug|Any CPU
		{9172C9C0-B3B9-4BD0-B8CE-224140BE254E}.Debug|x64.ActiveCfg = Debug|Any CPU
		{9172C9C0-B3B9-4BD0-B8CE-224140BE254E}.Debug|x64.Build.0 = Debug|Any CPU
		{9172C9C0-B3B9-4BD0-B8CE-224140BE254E}.Debug|x86.ActiveCfg = Debug|Any CPU
		{9172C9C0-B3B9-4BD0-B8CE-224140BE254E}.Debug|x86.Build.0 = Debug|Any CPU
		{9172C9C0-B3B9-4BD0-B8CE-224140BE254E}.Release|Any CPU.ActiveCfg = Release|Any CPU
		{9172C9C0-B3B9-4BD0-B8CE-224140BE254E}.Release|Any CPU.Build.0 = Release|Any CPU
		{9172C9C0-B3B9-4BD0-B8CE-224140BE254E}.Release|x64.ActiveCfg = Release|Any CPU
		{9172C9C0-B3B9-4BD0-B8CE-224140BE254E}.Release|x64.Build.0 = Release|Any CPU
		{9172C9C0-B3B9-4BD0-B8CE-224140BE254E}.Release|x86.ActiveCfg = Release|Any CPU
		{9172C9C0-B3B9-4BD0-B8CE-224140BE254E}.Release|x86.Build.0 = Release|Any CPU
		{FC9D87FB-5E19-4939-B043-48D828A056B8}.Debug|Any CPU.ActiveCfg = Debug|Any CPU
		{FC9D87FB-5E19-4939-B043-48D828A056B8}.Debug|Any CPU.Build.0 = Debug|Any CPU
		{FC9D87FB-5E19-4939-B043-48D828A056B8}.Debug|x64.ActiveCfg = Debug|Any CPU
		{FC9D87FB-5E19-4939-B043-48D828A056B8}.Debug|x64.Build.0 = Debug|Any CPU
		{FC9D87FB-5E19-4939-B043-48D828A056B8}.Debug|x86.ActiveCfg = Debug|Any CPU
		{FC9D87FB-5E19-4939-B043-48D828A056B8}.Debug|x86.Build.0 = Debug|Any CPU
		{FC9D87FB-5E19-4939-B043-48D828A056B8}.Release|Any CPU.ActiveCfg = Release|Any CPU
		{FC9D87FB-5E19-4939-B043-48D828A056B8}.Release|Any CPU.Build.0 = Release|Any CPU
		{FC9D87FB-5E19-4939-B043-48D828A056B8}.Release|x64.ActiveCfg = Release|Any CPU
		{FC9D87FB-5E19-4939-B043-48D828A056B8}.Release|x64.Build.0 = Release|Any CPU
		{FC9D87FB-5E19-4939-B043-48D828A056B8}.Release|x86.ActiveCfg = Release|Any CPU
		{FC9D87FB-5E19-4939-B043-48D828A056B8}.Release|x86.Build.0 = Release|Any CPU
		{A45EE069-1C2F-4064-846F-468C3DC907CA}.Debug|Any CPU.ActiveCfg = Debug|Any CPU
		{A45EE069-1C2F-4064-846F-468C3DC907CA}.Debug|Any CPU.Build.0 = Debug|Any CPU
		{A45EE069-1C2F-4064-846F-468C3DC907CA}.Debug|x64.ActiveCfg = Debug|Any CPU
		{A45EE069-1C2F-4064-846F-468C3DC907CA}.Debug|x64.Build.0 = Debug|Any CPU
		{A45EE069-1C2F-4064-846F-468C3DC907CA}.Debug|x86.ActiveCfg = Debug|Any CPU
		{A45EE069-1C2F-4064-846F-468C3DC907CA}.Debug|x86.Build.0 = Debug|Any CPU
		{A45EE069-1C2F-4064-846F-468C3DC907CA}.Release|Any CPU.ActiveCfg = Release|Any CPU
		{A45EE069-1C2F-4064-846F-468C3DC907CA}.Release|Any CPU.Build.0 = Release|Any CPU
		{A45EE069-1C2F-4064-846F-468C3DC907CA}.Release|x64.ActiveCfg = Release|Any CPU
		{A45EE069-1C2F-4064-846F-468C3DC907CA}.Release|x64.Build.0 = Release|Any CPU
		{A45EE069-1C2F-4064-846F-468C3DC907CA}.Release|x86.ActiveCfg = Release|Any CPU
		{A45EE069-1C2F-4064-846F-468C3DC907CA}.Release|x86.Build.0 = Release|Any CPU
	EndGlobalSection
	GlobalSection(NestedProjects) = preSolution
		{9172C9C0-B3B9-4BD0-B8CE-224140BE254E} = {6E0B2160-2C6E-4F49-97BE-4C481C5008F6}
		{FC9D87FB-5E19-4939-B043-48D828A056B8} = {6E0B2160-2C6E-4F49-97BE-4C481C5008F6}
		{A45EE069-1C2F-4064-846F-468C3DC907CA} = {6E0B2160-2C6E-4F49-97BE-4C481C5008F6}
	EndGlobalSection
EndGlobal
